
Microsoft Visual Studio Solution File, Format Version 12.00
# Visual Studio Version 17
VisualStudioVersion = 17.0.31903.59
MinimumVisualStudioVersion = 10.0.40219.1
Project("{FAE04EC0-301F-11D3-BF4B-00C04F79EFBC}") = "Api", "Api\Api.csproj", "{ADB961D3-7B42-4A72-A372-7F74B981CDA5}"
EndProject
Project("{FAE04EC0-301F-11D3-BF4B-00C04F79EFBC}") = "Application", "Application\Application.csproj", "{2E493DCF-D014-4761-9FB2-6EA17DC8D276}"
EndProject
Project("{FAE04EC0-301F-11D3-BF4B-00C04F79EFBC}") = "Domain", "Domain\Domain.csproj", "{E510CBF2-FD85-48AE-87C0-8C6F846ACB81}"
EndProject
Project("{FAE04EC0-301F-11D3-BF4B-00C04F79EFBC}") = "Shared", "Shared\Shared.csproj", "{514D9779-38C1-4E7C-AD4E-8945C4662B5C}"
EndProject
Project("{FAE04EC0-301F-11D3-BF4B-00C04F79EFBC}") = "Infrastructure", "Infrastructure\Infrastructure.csproj", "{EF3D18C1-9ADB-40AB-AB26-06824BEB23EB}"
EndProject
Project("{FAE04EC0-301F-11D3-BF4B-00C04F79EFBC}") = "ServiceDefaults", "ServiceDefaults\ServiceDefaults.csproj", "{B03D33F7-A345-4569-9B7F-DF8F6E613AD5}"
EndProject
Project("{FAE04EC0-301F-11D3-BF4B-00C04F79EFBC}") = "AppHost", "AppHost\AppHost.csproj", "{5C49A897-8E8F-470E-A3A3-5DAB6D9FEAF9}"
EndProject
Project("{2150E333-8FDC-42A3-9474-1A3956D46DE8}") = "Tests", "Tests", "{0AB3BF05-4346-4AA6-1389-037BE0695223}"
EndProject
Project("{FAE04EC0-301F-11D3-BF4B-00C04F79EFBC}") = "Domain.UnitTests", "Tests\Domain.UnitTests\Domain.UnitTests.csproj", "{6C471079-AB0D-4902-813E-647461BC7E9C}"
EndProject
Project("{FAE04EC0-301F-11D3-BF4B-00C04F79EFBC}") = "Application.UnitTests", "Tests\Application.UnitTests\Application.UnitTests.csproj", "{707A16AB-81FA-4FE8-AEFE-AA56084041A0}"
EndProject
Project("{FAE04EC0-301F-11D3-BF4B-00C04F79EFBC}") = "Integration.Tests", "Tests\Integration.Tests\Integration.Tests.csproj", "{10BC9D70-79CA-4B31-99B9-3DFBAF9B1DA2}"
EndProject
Global
	GlobalSection(SolutionConfigurationPlatforms) = preSolution
		Debug|Any CPU = Debug|Any CPU
		Debug|x64 = Debug|x64
		Debug|x86 = Debug|x86
		Release|Any CPU = Release|Any CPU
		Release|x64 = Release|x64
		Release|x86 = Release|x86
	EndGlobalSection
	GlobalSection(ProjectConfigurationPlatforms) = postSolution
		{ADB961D3-7B42-4A72-A372-7F74B981CDA5}.Debug|Any CPU.ActiveCfg = Debug|Any CPU
		{ADB961D3-7B42-4A72-A372-7F74B981CDA5}.Debug|Any CPU.Build.0 = Debug|Any CPU
		{ADB961D3-7B42-4A72-A372-7F74B981CDA5}.Debug|x64.ActiveCfg = Debug|Any CPU
		{ADB961D3-7B42-4A72-A372-7F74B981CDA5}.Debug|x64.Build.0 = Debug|Any CPU
		{ADB961D3-7B42-4A72-A372-7F74B981CDA5}.Debug|x86.ActiveCfg = Debug|Any CPU
		{ADB961D3-7B42-4A72-A372-7F74B981CDA5}.Debug|x86.Build.0 = Debug|Any CPU
		{ADB961D3-7B42-4A72-A372-7F74B981CDA5}.Release|Any CPU.ActiveCfg = Release|Any CPU
		{ADB961D3-7B42-4A72-A372-7F74B981CDA5}.Release|Any CPU.Build.0 = Release|Any CPU
		{ADB961D3-7B42-4A72-A372-7F74B981CDA5}.Release|x64.ActiveCfg = Release|Any CPU
		{ADB961D3-7B42-4A72-A372-7F74B981CDA5}.Release|x64.Build.0 = Release|Any CPU
		{ADB961D3-7B42-4A72-A372-7F74B981CDA5}.Release|x86.ActiveCfg = Release|Any CPU
		{ADB961D3-7B42-4A72-A372-7F74B981CDA5}.Release|x86.Build.0 = Release|Any CPU
		{2E493DCF-D014-4761-9FB2-6EA17DC8D276}.Debug|Any CPU.ActiveCfg = Debug|Any CPU
		{2E493DCF-D014-4761-9FB2-6EA17DC8D276}.Debug|Any CPU.Build.0 = Debug|Any CPU
		{2E493DCF-D014-4761-9FB2-6EA17DC8D276}.Debug|x64.ActiveCfg = Debug|Any CPU
		{2E493DCF-D014-4761-9FB2-6EA17DC8D276}.Debug|x64.Build.0 = Debug|Any CPU
		{2E493DCF-D014-4761-9FB2-6EA17DC8D276}.Debug|x86.ActiveCfg = Debug|Any CPU
		{2E493DCF-D014-4761-9FB2-6EA17DC8D276}.Debug|x86.Build.0 = Debug|Any CPU
		{2E493DCF-D014-4761-9FB2-6EA17DC8D276}.Release|Any CPU.ActiveCfg = Release|Any CPU
		{2E493DCF-D014-4761-9FB2-6EA17DC8D276}.Release|Any CPU.Build.0 = Release|Any CPU
		{2E493DCF-D014-4761-9FB2-6EA17DC8D276}.Release|x64.ActiveCfg = Release|Any CPU
		{2E493DCF-D014-4761-9FB2-6EA17DC8D276}.Release|x64.Build.0 = Release|Any CPU
		{2E493DCF-D014-4761-9FB2-6EA17DC8D276}.Release|x86.ActiveCfg = Release|Any CPU
		{2E493DCF-D014-4761-9FB2-6EA17DC8D276}.Release|x86.Build.0 = Release|Any CPU
		{E510CBF2-FD85-48AE-87C0-8C6F846ACB81}.Debug|Any CPU.ActiveCfg = Debug|Any CPU
		{E510CBF2-FD85-48AE-87C0-8C6F846ACB81}.Debug|Any CPU.Build.0 = Debug|Any CPU
		{E510CBF2-FD85-48AE-87C0-8C6F846ACB81}.Debug|x64.ActiveCfg = Debug|Any CPU
		{E510CBF2-FD85-48AE-87C0-8C6F846ACB81}.Debug|x64.Build.0 = Debug|Any CPU
		{E510CBF2-FD85-48AE-87C0-8C6F846ACB81}.Debug|x86.ActiveCfg = Debug|Any CPU
		{E510CBF2-FD85-48AE-87C0-8C6F846ACB81}.Debug|x86.Build.0 = Debug|Any CPU
		{E510CBF2-FD85-48AE-87C0-8C6F846ACB81}.Release|Any CPU.ActiveCfg = Release|Any CPU
		{E510CBF2-FD85-48AE-87C0-8C6F846ACB81}.Release|Any CPU.Build.0 = Release|Any CPU
		{E510CBF2-FD85-48AE-87C0-8C6F846ACB81}.Release|x64.ActiveCfg = Release|Any CPU
		{E510CBF2-FD85-48AE-87C0-8C6F846ACB81}.Release|x64.Build.0 = Release|Any CPU
		{E510CBF2-FD85-48AE-87C0-8C6F846ACB81}.Release|x86.ActiveCfg = Release|Any CPU
		{E510CBF2-FD85-48AE-87C0-8C6F846ACB81}.Release|x86.Build.0 = Release|Any CPU
		{514D9779-38C1-4E7C-AD4E-8945C4662B5C}.Debug|Any CPU.ActiveCfg = Debug|Any CPU
		{514D9779-38C1-4E7C-AD4E-8945C4662B5C}.Debug|Any CPU.Build.0 = Debug|Any CPU
		{514D9779-38C1-4E7C-AD4E-8945C4662B5C}.Debug|x64.ActiveCfg = Debug|Any CPU
		{514D9779-38C1-4E7C-AD4E-8945C4662B5C}.Debug|x64.Build.0 = Debug|Any CPU
		{514D9779-38C1-4E7C-AD4E-8945C4662B5C}.Debug|x86.ActiveCfg = Debug|Any CPU
		{514D9779-38C1-4E7C-AD4E-8945C4662B5C}.Debug|x86.Build.0 = Debug|Any CPU
		{514D9779-38C1-4E7C-AD4E-8945C4662B5C}.Release|Any CPU.ActiveCfg = Release|Any CPU
		{514D9779-38C1-4E7C-AD4E-8945C4662B5C}.Release|Any CPU.Build.0 = Release|Any CPU
		{514D9779-38C1-4E7C-AD4E-8945C4662B5C}.Release|x64.ActiveCfg = Release|Any CPU
		{514D9779-38C1-4E7C-AD4E-8945C4662B5C}.Release|x64.Build.0 = Release|Any CPU
		{514D9779-38C1-4E7C-AD4E-8945C4662B5C}.Release|x86.ActiveCfg = Release|Any CPU
		{514D9779-38C1-4E7C-AD4E-8945C4662B5C}.Release|x86.Build.0 = Release|Any CPU
		{EF3D18C1-9ADB-40AB-AB26-06824BEB23EB}.Debug|Any CPU.ActiveCfg = Debug|Any CPU
		{EF3D18C1-9ADB-40AB-AB26-06824BEB23EB}.Debug|Any CPU.Build.0 = Debug|Any CPU
		{EF3D18C1-9ADB-40AB-AB26-06824BEB23EB}.Debug|x64.ActiveCfg = Debug|Any CPU
		{EF3D18C1-9ADB-40AB-AB26-06824BEB23EB}.Debug|x64.Build.0 = Debug|Any CPU
		{EF3D18C1-9ADB-40AB-AB26-06824BEB23EB}.Debug|x86.ActiveCfg = Debug|Any CPU
		{EF3D18C1-9ADB-40AB-AB26-06824BEB23EB}.Debug|x86.Build.0 = Debug|Any CPU
		{EF3D18C1-9ADB-40AB-AB26-06824BEB23EB}.Release|Any CPU.ActiveCfg = Release|Any CPU
		{EF3D18C1-9ADB-40AB-AB26-06824BEB23EB}.Release|Any CPU.Build.0 = Release|Any CPU
		{EF3D18C1-9ADB-40AB-AB26-06824BEB23EB}.Release|x64.ActiveCfg = Release|Any CPU
		{EF3D18C1-9ADB-40AB-AB26-06824BEB23EB}.Release|x64.Build.0 = Release|Any CPU
		{EF3D18C1-9ADB-40AB-AB26-06824BEB23EB}.Release|x86.ActiveCfg = Release|Any CPU
		{EF3D18C1-9ADB-40AB-AB26-06824BEB23EB}.Release|x86.Build.0 = Release|Any CPU
		{B03D33F7-A345-4569-9B7F-DF8F6E613AD5}.Debug|Any CPU.ActiveCfg = Debug|Any CPU
		{B03D33F7-A345-4569-9B7F-DF8F6E613AD5}.Debug|Any CPU.Build.0 = Debug|Any CPU
		{B03D33F7-A345-4569-9B7F-DF8F6E613AD5}.Debug|x64.ActiveCfg = Debug|Any CPU
		{B03D33F7-A345-4569-9B7F-DF8F6E613AD5}.Debug|x64.Build.0 = Debug|Any CPU
		{B03D33F7-A345-4569-9B7F-DF8F6E613AD5}.Debug|x86.ActiveCfg = Debug|Any CPU
		{B03D33F7-A345-4569-9B7F-DF8F6E613AD5}.Debug|x86.Build.0 = Debug|Any CPU
		{B03D33F7-A345-4569-9B7F-DF8F6E613AD5}.Release|Any CPU.ActiveCfg = Release|Any CPU
		{B03D33F7-A345-4569-9B7F-DF8F6E613AD5}.Release|Any CPU.Build.0 = Release|Any CPU
		{B03D33F7-A345-4569-9B7F-DF8F6E613AD5}.Release|x64.ActiveCfg = Release|Any CPU
		{B03D33F7-A345-4569-9B7F-DF8F6E613AD5}.Release|x64.Build.0 = Release|Any CPU
		{B03D33F7-A345-4569-9B7F-DF8F6E613AD5}.Release|x86.ActiveCfg = Release|Any CPU
		{B03D33F7-A345-4569-9B7F-DF8F6E613AD5}.Release|x86.Build.0 = Release|Any CPU
		{5C49A897-8E8F-470E-A3A3-5DAB6D9FEAF9}.Debug|Any CPU.ActiveCfg = Debug|Any CPU
		{5C49A897-8E8F-470E-A3A3-5DAB6D9FEAF9}.Debug|Any CPU.Build.0 = Debug|Any CPU
		{5C49A897-8E8F-470E-A3A3-5DAB6D9FEAF9}.Debug|x64.ActiveCfg = Debug|Any CPU
		{5C49A897-8E8F-470E-A3A3-5DAB6D9FEAF9}.Debug|x64.Build.0 = Debug|Any CPU
		{5C49A897-8E8F-470E-A3A3-5DAB6D9FEAF9}.Debug|x86.ActiveCfg = Debug|Any CPU
		{5C49A897-8E8F-470E-A3A3-5DAB6D9FEAF9}.Debug|x86.Build.0 = Debug|Any CPU
		{5C49A897-8E8F-470E-A3A3-5DAB6D9FEAF9}.Release|Any CPU.ActiveCfg = Release|Any CPU
		{5C49A897-8E8F-470E-A3A3-5DAB6D9FEAF9}.Release|Any CPU.Build.0 = Release|Any CPU
		{5C49A897-8E8F-470E-A3A3-5DAB6D9FEAF9}.Release|x64.ActiveCfg = Release|Any CPU
		{5C49A897-8E8F-470E-A3A3-5DAB6D9FEAF9}.Release|x64.Build.0 = Release|Any CPU
		{5C49A897-8E8F-470E-A3A3-5DAB6D9FEAF9}.Release|x86.ActiveCfg = Release|Any CPU
		{5C49A897-8E8F-470E-A3A3-5DAB6D9FEAF9}.Release|x86.Build.0 = Release|Any CPU
		{6C471079-AB0D-4902-813E-647461BC7E9C}.Debug|Any CPU.ActiveCfg = Debug|Any CPU
		{6C471079-AB0D-4902-813E-647461BC7E9C}.Debug|Any CPU.Build.0 = Debug|Any CPU
		{6C471079-AB0D-4902-813E-647461BC7E9C}.Debug|x64.ActiveCfg = Debug|Any CPU
		{6C471079-AB0D-4902-813E-647461BC7E9C}.Debug|x64.Build.0 = Debug|Any CPU
		{6C471079-AB0D-4902-813E-647461BC7E9C}.Debug|x86.ActiveCfg = Debug|Any CPU
		{6C471079-AB0D-4902-813E-647461BC7E9C}.Debug|x86.Build.0 = Debug|Any CPU
		{6C471079-AB0D-4902-813E-647461BC7E9C}.Release|Any CPU.ActiveCfg = Release|Any CPU
		{6C471079-AB0D-4902-813E-647461BC7E9C}.Release|Any CPU.Build.0 = Release|Any CPU
		{6C471079-AB0D-4902-813E-647461BC7E9C}.Release|x64.ActiveCfg = Release|Any CPU
		{6C471079-AB0D-4902-813E-647461BC7E9C}.Release|x64.Build.0 = Release|Any CPU
		{6C471079-AB0D-4902-813E-647461BC7E9C}.Release|x86.ActiveCfg = Release|Any CPU
		{6C471079-AB0D-4902-813E-647461BC7E9C}.Release|x86.Build.0 = Release|Any CPU
		{707A16AB-81FA-4FE8-AEFE-AA56084041A0}.Debug|Any CPU.ActiveCfg = Debug|Any CPU
		{707A16AB-81FA-4FE8-AEFE-AA56084041A0}.Debug|Any CPU.Build.0 = Debug|Any CPU
		{707A16AB-81FA-4FE8-AEFE-AA56084041A0}.Debug|x64.ActiveCfg = Debug|Any CPU
		{707A16AB-81FA-4FE8-AEFE-AA56084041A0}.Debug|x64.Build.0 = Debug|Any CPU
		{707A16AB-81FA-4FE8-AEFE-AA56084041A0}.Debug|x86.ActiveCfg = Debug|Any CPU
		{707A16AB-81FA-4FE8-AEFE-AA56084041A0}.Debug|x86.Build.0 = Debug|Any CPU
		{707A16AB-81FA-4FE8-AEFE-AA56084041A0}.Release|Any CPU.ActiveCfg = Release|Any CPU
		{707A16AB-81FA-4FE8-AEFE-AA56084041A0}.Release|Any CPU.Build.0 = Release|Any CPU
		{707A16AB-81FA-4FE8-AEFE-AA56084041A0}.Release|x64.ActiveCfg = Release|Any CPU
		{707A16AB-81FA-4FE8-AEFE-AA56084041A0}.Release|x64.Build.0 = Release|Any CPU
		{707A16AB-81FA-4FE8-AEFE-AA56084041A0}.Release|x86.ActiveCfg = Release|Any CPU
		{707A16AB-81FA-4FE8-AEFE-AA56084041A0}.Release|x86.Build.0 = Release|Any CPU
		{10BC9D70-79CA-4B31-99B9-3DFBAF9B1DA2}.Debug|Any CPU.ActiveCfg = Debug|Any CPU
		{10BC9D70-79CA-4B31-99B9-3DFBAF9B1DA2}.Debug|Any CPU.Build.0 = Debug|Any CPU
		{10BC9D70-79CA-4B31-99B9-3DFBAF9B1DA2}.Debug|x64.ActiveCfg = Debug|Any CPU
		{10BC9D70-79CA-4B31-99B9-3DFBAF9B1DA2}.Debug|x64.Build.0 = Debug|Any CPU
		{10BC9D70-79CA-4B31-99B9-3DFBAF9B1DA2}.Debug|x86.ActiveCfg = Debug|Any CPU
		{10BC9D70-79CA-4B31-99B9-3DFBAF9B1DA2}.Debug|x86.Build.0 = Debug|Any CPU
		{10BC9D70-79CA-4B31-99B9-3DFBAF9B1DA2}.Release|Any CPU.ActiveCfg = Release|Any CPU
		{10BC9D70-79CA-4B31-99B9-3DFBAF9B1DA2}.Release|Any CPU.Build.0 = Release|Any CPU
		{10BC9D70-79CA-4B31-99B9-3DFBAF9B1DA2}.Release|x64.ActiveCfg = Release|Any CPU
		{10BC9D70-79CA-4B31-99B9-3DFBAF9B1DA2}.Release|x64.Build.0 = Release|Any CPU
		{10BC9D70-79CA-4B31-99B9-3DFBAF9B1DA2}.Release|x86.ActiveCfg = Release|Any CPU
		{10BC9D70-79CA-4B31-99B9-3DFBAF9B1DA2}.Release|x86.Build.0 = Release|Any CPU
	EndGlobalSection
	GlobalSection(SolutionProperties) = preSolution
		HideSolutionNode = FALSE
	EndGlobalSection
	GlobalSection(NestedProjects) = preSolution
		{6C471079-AB0D-4902-813E-647461BC7E9C} = {0AB3BF05-4346-4AA6-1389-037BE0695223}
		{707A16AB-81FA-4FE8-AEFE-AA56084041A0} = {0AB3BF05-4346-4AA6-1389-037BE0695223}
		{10BC9D70-79CA-4B31-99B9-3DFBAF9B1DA2} = {0AB3BF05-4346-4AA6-1389-037BE0695223}
	EndGlobalSection
EndGlobal
